
Microsoft Visual Studio Solution File, Format Version 12.00
# Visual Studio Version 16
VisualStudioVersion = 16.0.30104.148
MinimumVisualStudioVersion = 10.0.40219.1
Project("{FAE04EC0-301F-11D3-BF4B-00C04F79EFBC}") = "FrontNet.Common", "FrontNet.Common\FrontNet.Common.csproj", "{3FAE0077-0CEC-42E8-8B51-20B8B9919136}"
EndProject
Project("{FAE04EC0-301F-11D3-BF4B-00C04F79EFBC}") = "FrontNet.Playground", "FrontNet.Playground\FrontNet.Playground.csproj", "{6C581B82-7D9C-47A7-A12D-1A1CD37E9897}"
EndProject
Project("{FAE04EC0-301F-11D3-BF4B-00C04F79EFBC}") = "FrontNet.Survey", "FrontNet.Survey\FrontNet.Survey.csproj", "{90412FC7-5D7D-47E5-AFB0-8341B5CA20E1}"
EndProject
Project("{FAE04EC0-301F-11D3-BF4B-00C04F79EFBC}") = "FrontNet.Dashboard", "FrontNet.Dashboard\FrontNet.Dashboard.csproj", "{407BF5AB-7099-4BF5-A396-DFD531D0543F}"
EndProject
Global
	GlobalSection(SolutionConfigurationPlatforms) = preSolution
		Debug|Any CPU = Debug|Any CPU
		Release|Any CPU = Release|Any CPU
	EndGlobalSection
	GlobalSection(ProjectConfigurationPlatforms) = postSolution
		{3FAE0077-0CEC-42E8-8B51-20B8B9919136}.Debug|Any CPU.ActiveCfg = Debug|Any CPU
		{3FAE0077-0CEC-42E8-8B51-20B8B9919136}.Debug|Any CPU.Build.0 = Debug|Any CPU
		{3FAE0077-0CEC-42E8-8B51-20B8B9919136}.Release|Any CPU.ActiveCfg = Release|Any CPU
		{3FAE0077-0CEC-42E8-8B51-20B8B9919136}.Release|Any CPU.Build.0 = Release|Any CPU
		{6C581B82-7D9C-47A7-A12D-1A1CD37E9897}.Debug|Any CPU.ActiveCfg = Debug|Any CPU
		{6C581B82-7D9C-47A7-A12D-1A1CD37E9897}.Debug|Any CPU.Build.0 = Debug|Any CPU
		{6C581B82-7D9C-47A7-A12D-1A1CD37E9897}.Release|Any CPU.ActiveCfg = Release|Any CPU
		{6C581B82-7D9C-47A7-A12D-1A1CD37E9897}.Release|Any CPU.Build.0 = Release|Any CPU
		{90412FC7-5D7D-47E5-AFB0-8341B5CA20E1}.Debug|Any CPU.ActiveCfg = Debug|Any CPU
		{90412FC7-5D7D-47E5-AFB0-8341B5CA20E1}.Debug|Any CPU.Build.0 = Debug|Any CPU
		{90412FC7-5D7D-47E5-AFB0-8341B5CA20E1}.Release|Any CPU.ActiveCfg = Release|Any CPU
		{90412FC7-5D7D-47E5-AFB0-8341B5CA20E1}.Release|Any CPU.Build.0 = Release|Any CPU
		{407BF5AB-7099-4BF5-A396-DFD531D0543F}.Debug|Any CPU.ActiveCfg = Debug|Any CPU
		{407BF5AB-7099-4BF5-A396-DFD531D0543F}.Debug|Any CPU.Build.0 = Debug|Any CPU
		{407BF5AB-7099-4BF5-A396-DFD531D0543F}.Release|Any CPU.ActiveCfg = Release|Any CPU
		{407BF5AB-7099-4BF5-A396-DFD531D0543F}.Release|Any CPU.Build.0 = Release|Any CPU
	EndGlobalSection
	GlobalSection(SolutionProperties) = preSolution
		HideSolutionNode = FALSE
	EndGlobalSection
	GlobalSection(ExtensibilityGlobals) = postSolution
		SolutionGuid = {4BE6C616-36A9-4F9E-97F2-6434328B999B}
	EndGlobalSection
EndGlobal
